
Microsoft Visual Studio Solution File, Format Version 12.00
# Visual Studio Version 17
VisualStudioVersion = 17.1.32228.430
MinimumVisualStudioVersion = 10.0.40219.1
Project("{9A19103F-16F7-4668-BE54-9A1E7A4F7556}") = "Perfumeshop", "Perfumeshop.csproj", "{878BBC8B-78A7-42C5-9D1D-523E0DC9E4C9}"
EndProject
Global
	GlobalSection(SolutionConfigurationPlatforms) = preSolution
		Debug|Any CPU = Debug|Any CPU
		Release|Any CPU = Release|Any CPU
	EndGlobalSection
	GlobalSection(ProjectConfigurationPlatforms) = postSolution
		{878BBC8B-78A7-42C5-9D1D-523E0DC9E4C9}.Debug|Any CPU.ActiveCfg = Debug|Any CPU
		{878BBC8B-78A7-42C5-9D1D-523E0DC9E4C9}.Debug|Any CPU.Build.0 = Debug|Any CPU
		{878BBC8B-78A7-42C5-9D1D-523E0DC9E4C9}.Release|Any CPU.ActiveCfg = Release|Any CPU
		{878BBC8B-78A7-42C5-9D1D-523E0DC9E4C9}.Release|Any CPU.Build.0 = Release|Any CPU
	EndGlobalSection
	GlobalSection(SolutionProperties) = preSolution
		HideSolutionNode = FALSE
	EndGlobalSection
	GlobalSection(ExtensibilityGlobals) = postSolution
		SolutionGuid = {AA42313D-4B09-4A65-A54E-E4370093A29A}
	EndGlobalSection
EndGlobal
